
Microsoft Visual Studio Solution File, Format Version 12.00
# Visual Studio Version 16
VisualStudioVersion = 16.0.30804.86
MinimumVisualStudioVersion = 10.0.40219.1
Project("{FAE04EC0-301F-11D3-BF4B-00C04F79EFBC}") = "RestHelperLib", "RestHelperLib.csproj", "{23224423-CA0B-4C7A-ADEF-BC9B828319D7}"
EndProject
Global
	GlobalSection(SolutionConfigurationPlatforms) = preSolution
		Debug|Any CPU = Debug|Any CPU
		Release|Any CPU = Release|Any CPU
	EndGlobalSection
	GlobalSection(ProjectConfigurationPlatforms) = postSolution
		{23224423-CA0B-4C7A-ADEF-BC9B828319D7}.Debug|Any CPU.ActiveCfg = Debug|Any CPU
		{23224423-CA0B-4C7A-ADEF-BC9B828319D7}.Debug|Any CPU.Build.0 = Debug|Any CPU
		{23224423-CA0B-4C7A-ADEF-BC9B828319D7}.Release|Any CPU.ActiveCfg = Release|Any CPU
		{23224423-CA0B-4C7A-ADEF-BC9B828319D7}.Release|Any CPU.Build.0 = Release|Any CPU
	EndGlobalSection
	GlobalSection(SolutionProperties) = preSolution
		HideSolutionNode = FALSE
	EndGlobalSection
	GlobalSection(ExtensibilityGlobals) = postSolution
		SolutionGuid = {CDD7A26A-FA4E-434D-A229-EAD8694FD826}
	EndGlobalSection
EndGlobal
